
Microsoft Visual Studio Solution File, Format Version 12.00
# Visual Studio Version 17
VisualStudioVersion = 17.5.002.0
MinimumVisualStudioVersion = 10.0.40219.1
Project("{2150E333-8FDC-42A3-9474-1A3956D46DE8}") = "2018", "2018", "{46D65336-D9AC-4949-942B-E3CBD0891164}"
EndProject
Project("{9A19103F-16F7-4668-BE54-9A1E7A4F7556}") = "2018", "2018\csharp\2018.csproj", "{F282FCF6-B405-4CB0-9DAB-6ADFADE42152}"
EndProject
Project("{2150E333-8FDC-42A3-9474-1A3956D46DE8}") = "2020", "2020", "{7C4F001F-B97F-4DDC-8B83-3CF98966F7C6}"
EndProject
Project("{9A19103F-16F7-4668-BE54-9A1E7A4F7556}") = "AdventOfCode.CSharp.Y2020", "2020\csharp\AdventOfCode.CSharp.Y2020.csproj", "{25591C84-A8AF-405D-9D83-2D6F660FD77B}"
EndProject
Project("{2150E333-8FDC-42A3-9474-1A3956D46DE8}") = "Common", "Common", "{A1C52C5F-DEF3-4DB2-863A-82523BAAF109}"
EndProject
Project("{9A19103F-16F7-4668-BE54-9A1E7A4F7556}") = "AdventOfCode.CSharp", "Common\csharp\AdventOfCode.CSharp.csproj", "{CD7636A0-2F05-4D37-AE0B-6D96F8C18F96}"
EndProject
Project("{2150E333-8FDC-42A3-9474-1A3956D46DE8}") = "2019", "2019", "{4A75C9A4-083C-4661-9342-4FE99A16F564}"
EndProject
Project("{9A19103F-16F7-4668-BE54-9A1E7A4F7556}") = "2019", "2019\csharp\2019.csproj", "{2EC5F544-F515-489E-87B7-EB643607BAC1}"
EndProject
Project("{2150E333-8FDC-42A3-9474-1A3956D46DE8}") = "2016", "2016", "{6DA7DDF6-87B3-4A2F-8ABE-2CC926218C1B}"
EndProject
Project("{9A19103F-16F7-4668-BE54-9A1E7A4F7556}") = "AdventOfCode.CSharp.Y2016", "2016\csharp\AdventOfCode.CSharp.Y2016.csproj", "{FC6D9786-9494-4D43-9910-F31EE0CB59C4}"
EndProject
Project("{2150E333-8FDC-42A3-9474-1A3956D46DE8}") = "2021", "2021", "{E37259BC-3187-4274-9FE1-B8FD73A9218F}"
EndProject
Project("{9A19103F-16F7-4668-BE54-9A1E7A4F7556}") = "AdventOfCode.CSharp.Y2021", "2021\csharp\AdventOfCode.CSharp.Y2021.csproj", "{54D300DA-701B-4234-AAFD-7CB9E6ABFE10}"
EndProject
Project("{2150E333-8FDC-42A3-9474-1A3956D46DE8}") = "2017", "2017", "{B7C9D24F-ED62-4B2C-AC20-A115552D946B}"
EndProject
Project("{9A19103F-16F7-4668-BE54-9A1E7A4F7556}") = "AdventOfCode.CSharp.Y2017", "2017\csharp\AdventOfCode.CSharp.Y2017.csproj", "{6BA6F10C-9460-4A75-AFBE-4915A906B061}"
EndProject
Global
	GlobalSection(SolutionConfigurationPlatforms) = preSolution
		Debug|Any CPU = Debug|Any CPU
		Release|Any CPU = Release|Any CPU
	EndGlobalSection
	GlobalSection(ProjectConfigurationPlatforms) = postSolution
		{F282FCF6-B405-4CB0-9DAB-6ADFADE42152}.Debug|Any CPU.ActiveCfg = Debug|Any CPU
		{F282FCF6-B405-4CB0-9DAB-6ADFADE42152}.Debug|Any CPU.Build.0 = Debug|Any CPU
		{F282FCF6-B405-4CB0-9DAB-6ADFADE42152}.Release|Any CPU.ActiveCfg = Release|Any CPU
		{F282FCF6-B405-4CB0-9DAB-6ADFADE42152}.Release|Any CPU.Build.0 = Release|Any CPU
		{25591C84-A8AF-405D-9D83-2D6F660FD77B}.Debug|Any CPU.ActiveCfg = Debug|Any CPU
		{25591C84-A8AF-405D-9D83-2D6F660FD77B}.Debug|Any CPU.Build.0 = Debug|Any CPU
		{25591C84-A8AF-405D-9D83-2D6F660FD77B}.Release|Any CPU.ActiveCfg = Release|Any CPU
		{25591C84-A8AF-405D-9D83-2D6F660FD77B}.Release|Any CPU.Build.0 = Release|Any CPU
		{CD7636A0-2F05-4D37-AE0B-6D96F8C18F96}.Debug|Any CPU.ActiveCfg = Debug|Any CPU
		{CD7636A0-2F05-4D37-AE0B-6D96F8C18F96}.Debug|Any CPU.Build.0 = Debug|Any CPU
		{CD7636A0-2F05-4D37-AE0B-6D96F8C18F96}.Release|Any CPU.ActiveCfg = Release|Any CPU
		{CD7636A0-2F05-4D37-AE0B-6D96F8C18F96}.Release|Any CPU.Build.0 = Release|Any CPU
		{2EC5F544-F515-489E-87B7-EB643607BAC1}.Debug|Any CPU.ActiveCfg = Debug|Any CPU
		{2EC5F544-F515-489E-87B7-EB643607BAC1}.Debug|Any CPU.Build.0 = Debug|Any CPU
		{2EC5F544-F515-489E-87B7-EB643607BAC1}.Release|Any CPU.ActiveCfg = Release|Any CPU
		{2EC5F544-F515-489E-87B7-EB643607BAC1}.Release|Any CPU.Build.0 = Release|Any CPU
		{FC6D9786-9494-4D43-9910-F31EE0CB59C4}.Debug|Any CPU.ActiveCfg = Debug|Any CPU
		{FC6D9786-9494-4D43-9910-F31EE0CB59C4}.Debug|Any CPU.Build.0 = Debug|Any CPU
		{FC6D9786-9494-4D43-9910-F31EE0CB59C4}.Release|Any CPU.ActiveCfg = Release|Any CPU
		{FC6D9786-9494-4D43-9910-F31EE0CB59C4}.Release|Any CPU.Build.0 = Release|Any CPU
		{54D300DA-701B-4234-AAFD-7CB9E6ABFE10}.Debug|Any CPU.ActiveCfg = Debug|Any CPU
		{54D300DA-701B-4234-AAFD-7CB9E6ABFE10}.Debug|Any CPU.Build.0 = Debug|Any CPU
		{54D300DA-701B-4234-AAFD-7CB9E6ABFE10}.Release|Any CPU.ActiveCfg = Release|Any CPU
		{54D300DA-701B-4234-AAFD-7CB9E6ABFE10}.Release|Any CPU.Build.0 = Release|Any CPU
		{6BA6F10C-9460-4A75-AFBE-4915A906B061}.Debug|Any CPU.ActiveCfg = Debug|Any CPU
		{6BA6F10C-9460-4A75-AFBE-4915A906B061}.Debug|Any CPU.Build.0 = Debug|Any CPU
		{6BA6F10C-9460-4A75-AFBE-4915A906B061}.Release|Any CPU.ActiveCfg = Release|Any CPU
		{6BA6F10C-9460-4A75-AFBE-4915A906B061}.Release|Any CPU.Build.0 = Release|Any CPU
	EndGlobalSection
	GlobalSection(SolutionProperties) = preSolution
		HideSolutionNode = FALSE
	EndGlobalSection
	GlobalSection(NestedProjects) = preSolution
		{F282FCF6-B405-4CB0-9DAB-6ADFADE42152} = {46D65336-D9AC-4949-942B-E3CBD0891164}
		{25591C84-A8AF-405D-9D83-2D6F660FD77B} = {7C4F001F-B97F-4DDC-8B83-3CF98966F7C6}
		{CD7636A0-2F05-4D37-AE0B-6D96F8C18F96} = {A1C52C5F-DEF3-4DB2-863A-82523BAAF109}
		{2EC5F544-F515-489E-87B7-EB643607BAC1} = {4A75C9A4-083C-4661-9342-4FE99A16F564}
		{FC6D9786-9494-4D43-9910-F31EE0CB59C4} = {6DA7DDF6-87B3-4A2F-8ABE-2CC926218C1B}
		{54D300DA-701B-4234-AAFD-7CB9E6ABFE10} = {E37259BC-3187-4274-9FE1-B8FD73A9218F}
		{6BA6F10C-9460-4A75-AFBE-4915A906B061} = {B7C9D24F-ED62-4B2C-AC20-A115552D946B}
	EndGlobalSection
	GlobalSection(ExtensibilityGlobals) = postSolution
		SolutionGuid = {CBC02934-4D1A-4288-B835-C8A083A4D7DC}
	EndGlobalSection
EndGlobal
