
Microsoft Visual Studio Solution File, Format Version 12.00
# Visual Studio Version 17
VisualStudioVersion = 17.5.002.0
MinimumVisualStudioVersion = 10.0.40219.1
Project("{2150E333-8FDC-42A3-9474-1A3956D46DE8}") = "2018", "2018", "{C445DAF5-9361-4913-8D63-068F76FED0D1}"
EndProject
Project("{9A19103F-16F7-4668-BE54-9A1E7A4F7556}") = "2018", "2018\csharp\2018.csproj", "{853DB298-8072-4941-BF59-B4A417013C6C}"
EndProject
Project("{2150E333-8FDC-42A3-9474-1A3956D46DE8}") = "2020", "2020", "{A63EB7D0-E200-4227-B2DC-41C06F8E146B}"
EndProject
Project("{9A19103F-16F7-4668-BE54-9A1E7A4F7556}") = "AdventOfCode.CSharp.Y2020", "2020\csharp\AdventOfCode.CSharp.Y2020.csproj", "{5E61AECE-4B82-4C77-84FC-F39ED616282D}"
EndProject
Project("{2150E333-8FDC-42A3-9474-1A3956D46DE8}") = "Common", "Common", "{C170A511-3E54-41DB-86BB-9FD64893332A}"
EndProject
Project("{9A19103F-16F7-4668-BE54-9A1E7A4F7556}") = "AdventOfCode.CSharp", "Common\csharp\AdventOfCode.CSharp.csproj", "{73871432-3A74-4FB1-99D3-C605C068ABA3}"
EndProject
Project("{2150E333-8FDC-42A3-9474-1A3956D46DE8}") = "2019", "2019", "{753CA298-1C26-4A1E-9071-74248AC2DA53}"
EndProject
Project("{9A19103F-16F7-4668-BE54-9A1E7A4F7556}") = "2019", "2019\csharp\2019.csproj", "{A5B07603-E8AB-4E62-8143-890E26964C13}"
EndProject
Project("{2150E333-8FDC-42A3-9474-1A3956D46DE8}") = "2016", "2016", "{3E107FE3-14B6-49DB-8D8E-E26BB251E0AE}"
EndProject
Project("{9A19103F-16F7-4668-BE54-9A1E7A4F7556}") = "AdventOfCode.CSharp.Y2016", "2016\csharp\AdventOfCode.CSharp.Y2016.csproj", "{0BF84DDB-D5BE-4364-8F0F-262E9A4ED552}"
EndProject
Project("{2150E333-8FDC-42A3-9474-1A3956D46DE8}") = "2021", "2021", "{CE65384B-3FA8-400B-B346-47ECDFE68FCA}"
EndProject
Project("{9A19103F-16F7-4668-BE54-9A1E7A4F7556}") = "AdventOfCode.CSharp.Y2021", "2021\csharp\AdventOfCode.CSharp.Y2021.csproj", "{C86D34CF-A24A-44D6-9CBE-7B237D2E0A68}"
EndProject
Project("{2150E333-8FDC-42A3-9474-1A3956D46DE8}") = "2017", "2017", "{A4CEA674-713A-451A-B5C4-98A772A31508}"
EndProject
Project("{9A19103F-16F7-4668-BE54-9A1E7A4F7556}") = "AdventOfCode.CSharp.Y2017", "2017\csharp\AdventOfCode.CSharp.Y2017.csproj", "{BAFB1375-C364-4A0E-8C7C-526A1F1E8490}"
EndProject
Global
	GlobalSection(SolutionConfigurationPlatforms) = preSolution
		Debug|Any CPU = Debug|Any CPU
		Release|Any CPU = Release|Any CPU
	EndGlobalSection
	GlobalSection(ProjectConfigurationPlatforms) = postSolution
		{853DB298-8072-4941-BF59-B4A417013C6C}.Debug|Any CPU.ActiveCfg = Debug|Any CPU
		{853DB298-8072-4941-BF59-B4A417013C6C}.Debug|Any CPU.Build.0 = Debug|Any CPU
		{853DB298-8072-4941-BF59-B4A417013C6C}.Release|Any CPU.ActiveCfg = Release|Any CPU
		{853DB298-8072-4941-BF59-B4A417013C6C}.Release|Any CPU.Build.0 = Release|Any CPU
		{5E61AECE-4B82-4C77-84FC-F39ED616282D}.Debug|Any CPU.ActiveCfg = Debug|Any CPU
		{5E61AECE-4B82-4C77-84FC-F39ED616282D}.Debug|Any CPU.Build.0 = Debug|Any CPU
		{5E61AECE-4B82-4C77-84FC-F39ED616282D}.Release|Any CPU.ActiveCfg = Release|Any CPU
		{5E61AECE-4B82-4C77-84FC-F39ED616282D}.Release|Any CPU.Build.0 = Release|Any CPU
		{73871432-3A74-4FB1-99D3-C605C068ABA3}.Debug|Any CPU.ActiveCfg = Debug|Any CPU
		{73871432-3A74-4FB1-99D3-C605C068ABA3}.Debug|Any CPU.Build.0 = Debug|Any CPU
		{73871432-3A74-4FB1-99D3-C605C068ABA3}.Release|Any CPU.ActiveCfg = Release|Any CPU
		{73871432-3A74-4FB1-99D3-C605C068ABA3}.Release|Any CPU.Build.0 = Release|Any CPU
		{A5B07603-E8AB-4E62-8143-890E26964C13}.Debug|Any CPU.ActiveCfg = Debug|Any CPU
		{A5B07603-E8AB-4E62-8143-890E26964C13}.Debug|Any CPU.Build.0 = Debug|Any CPU
		{A5B07603-E8AB-4E62-8143-890E26964C13}.Release|Any CPU.ActiveCfg = Release|Any CPU
		{A5B07603-E8AB-4E62-8143-890E26964C13}.Release|Any CPU.Build.0 = Release|Any CPU
		{0BF84DDB-D5BE-4364-8F0F-262E9A4ED552}.Debug|Any CPU.ActiveCfg = Debug|Any CPU
		{0BF84DDB-D5BE-4364-8F0F-262E9A4ED552}.Debug|Any CPU.Build.0 = Debug|Any CPU
		{0BF84DDB-D5BE-4364-8F0F-262E9A4ED552}.Release|Any CPU.ActiveCfg = Release|Any CPU
		{0BF84DDB-D5BE-4364-8F0F-262E9A4ED552}.Release|Any CPU.Build.0 = Release|Any CPU
		{C86D34CF-A24A-44D6-9CBE-7B237D2E0A68}.Debug|Any CPU.ActiveCfg = Debug|Any CPU
		{C86D34CF-A24A-44D6-9CBE-7B237D2E0A68}.Debug|Any CPU.Build.0 = Debug|Any CPU
		{C86D34CF-A24A-44D6-9CBE-7B237D2E0A68}.Release|Any CPU.ActiveCfg = Release|Any CPU
		{C86D34CF-A24A-44D6-9CBE-7B237D2E0A68}.Release|Any CPU.Build.0 = Release|Any CPU
		{BAFB1375-C364-4A0E-8C7C-526A1F1E8490}.Debug|Any CPU.ActiveCfg = Debug|Any CPU
		{BAFB1375-C364-4A0E-8C7C-526A1F1E8490}.Debug|Any CPU.Build.0 = Debug|Any CPU
		{BAFB1375-C364-4A0E-8C7C-526A1F1E8490}.Release|Any CPU.ActiveCfg = Release|Any CPU
		{BAFB1375-C364-4A0E-8C7C-526A1F1E8490}.Release|Any CPU.Build.0 = Release|Any CPU
	EndGlobalSection
	GlobalSection(SolutionProperties) = preSolution
		HideSolutionNode = FALSE
	EndGlobalSection
	GlobalSection(NestedProjects) = preSolution
		{853DB298-8072-4941-BF59-B4A417013C6C} = {C445DAF5-9361-4913-8D63-068F76FED0D1}
		{5E61AECE-4B82-4C77-84FC-F39ED616282D} = {A63EB7D0-E200-4227-B2DC-41C06F8E146B}
		{73871432-3A74-4FB1-99D3-C605C068ABA3} = {C170A511-3E54-41DB-86BB-9FD64893332A}
		{A5B07603-E8AB-4E62-8143-890E26964C13} = {753CA298-1C26-4A1E-9071-74248AC2DA53}
		{0BF84DDB-D5BE-4364-8F0F-262E9A4ED552} = {3E107FE3-14B6-49DB-8D8E-E26BB251E0AE}
		{C86D34CF-A24A-44D6-9CBE-7B237D2E0A68} = {CE65384B-3FA8-400B-B346-47ECDFE68FCA}
		{BAFB1375-C364-4A0E-8C7C-526A1F1E8490} = {A4CEA674-713A-451A-B5C4-98A772A31508}
	EndGlobalSection
	GlobalSection(ExtensibilityGlobals) = postSolution
		SolutionGuid = {B4C7B0BB-6A65-48B0-B882-83B326A55A25}
	EndGlobalSection
EndGlobal
